
Microsoft Visual Studio Solution File, Format Version 12.00
# Visual Studio Version 16
VisualStudioVersion = 16.0.31005.135
MinimumVisualStudioVersion = 10.0.40219.1
Project("{FAE04EC0-301F-11D3-BF4B-00C04F79EFBC}") = "ConsoleApp1", "ConsoleApp1\ConsoleApp1.csproj", "{962FE33A-E79F-4F16-9E85-46BAAE343084}"
EndProject
Global
	GlobalSection(SolutionConfigurationPlatforms) = preSolution
		Debug|Any CPU = Debug|Any CPU
		Release|Any CPU = Release|Any CPU
	EndGlobalSection
	GlobalSection(ProjectConfigurationPlatforms) = postSolution
		{962FE33A-E79F-4F16-9E85-46BAAE343084}.Debug|Any CPU.ActiveCfg = Debug|Any CPU
		{962FE33A-E79F-4F16-9E85-46BAAE343084}.Debug|Any CPU.Build.0 = Debug|Any CPU
		{962FE33A-E79F-4F16-9E85-46BAAE343084}.Release|Any CPU.ActiveCfg = Release|Any CPU
		{962FE33A-E79F-4F16-9E85-46BAAE343084}.Release|Any CPU.Build.0 = Release|Any CPU
	EndGlobalSection
	GlobalSection(SolutionProperties) = preSolution
		HideSolutionNode = FALSE
	EndGlobalSection
	GlobalSection(ExtensibilityGlobals) = postSolution
		SolutionGuid = {4ADEC9F9-390A-4CC3-8CF2-FA118D5479C4}
	EndGlobalSection
EndGlobal
